
Microsoft Visual Studio Solution File, Format Version 12.00
# Visual Studio Version 17
VisualStudioVersion = 17.4.33103.184
MinimumVisualStudioVersion = 10.0.40219.1
Project("{888888A0-9F3D-457C-B088-3A5042F75D52}") = "Query", "Query.pyproj", "{10B1D06F-175B-49CD-BD93-67BB308CCB4C}"
EndProject
Global
	GlobalSection(SolutionConfigurationPlatforms) = preSolution
		Debug|Any CPU = Debug|Any CPU
		Release|Any CPU = Release|Any CPU
	EndGlobalSection
	GlobalSection(ProjectConfigurationPlatforms) = postSolution
		{10B1D06F-175B-49CD-BD93-67BB308CCB4C}.Debug|Any CPU.ActiveCfg = Debug|Any CPU
		{10B1D06F-175B-49CD-BD93-67BB308CCB4C}.Release|Any CPU.ActiveCfg = Release|Any CPU
	EndGlobalSection
	GlobalSection(SolutionProperties) = preSolution
		HideSolutionNode = FALSE
	EndGlobalSection
	GlobalSection(ExtensibilityGlobals) = postSolution
		SolutionGuid = {91D1F75E-432A-4B2E-8A31-E7DAA239D889}
	EndGlobalSection
EndGlobal
