
Microsoft Visual Studio Solution File, Format Version 12.00
# Visual Studio Version 17
VisualStudioVersion = 17.4.33103.184
MinimumVisualStudioVersion = 10.0.40219.1
Project("{888888A0-9F3D-457C-B088-3A5042F75D52}") = "Query for error based SQL Injection", "Query for error based SQL Injection.pyproj", "{3CA305A2-9887-4CD8-91D0-2D4560892696}"
EndProject
Global
	GlobalSection(SolutionConfigurationPlatforms) = preSolution
		Debug|Any CPU = Debug|Any CPU
		Release|Any CPU = Release|Any CPU
	EndGlobalSection
	GlobalSection(ProjectConfigurationPlatforms) = postSolution
		{3CA305A2-9887-4CD8-91D0-2D4560892696}.Debug|Any CPU.ActiveCfg = Debug|Any CPU
		{3CA305A2-9887-4CD8-91D0-2D4560892696}.Release|Any CPU.ActiveCfg = Release|Any CPU
	EndGlobalSection
	GlobalSection(SolutionProperties) = preSolution
		HideSolutionNode = FALSE
	EndGlobalSection
	GlobalSection(ExtensibilityGlobals) = postSolution
		SolutionGuid = {51D2DBA3-89B9-45FF-AD5A-0C8B48E9B0B8}
	EndGlobalSection
EndGlobal
